// !$*UTF8*$!
{
	archiveVersion = 1;
	classes = {
	};
	objectVersion = 46;
	objects = {

		EF3FC7C68FF315A345B6261C = {isa = PBXBuildFile; fileRef = 1AC32718EA26E1C59055EB2F; };
		7B60DFA15AF214D7B13A5C79 = {isa = PBXBuildFile; fileRef = 1693116183E4647987D5E525; };
		721CB0B7F75926184D01B2F3 = {isa = PBXBuildFile; fileRef = B7F432ED30CA02B5D11421BD; };
		DA54EB177F479E149CD77AE8 = {isa = PBXBuildFile; fileRef = ECC9738A075C9BEA110C52AB; };
		D50BEA488CFDBB51E112CB31 = {isa = PBXBuildFile; fileRef = 4E20050D94A0FB26BB1D5A1D; };
		8A1F76412F8CE6FB438298E4 = {isa = PBXBuildFile; fileRef = 59DB037A477DE4D394D9721F; };
		6B334945A0EEF8E6141E6DAC = {isa = PBXBuildFile; fileRef = 5B15C8C444CDE25994C8C4FD; };
		2B66F245C114C7037760BFA4 = {isa = PBXBuildFile; fileRef = 8CC9C866A5E35AEEEC38033A; };
		3E05CD294A01C976B4D1AE02 = {isa = PBXBuildFile; fileRef = E916AE1F8BE08716948E4823; };
		EDDD3C5A51C94ABC0E284CB7 = {isa = PBXBuildFile; fileRef = 96C0CBAA9B62D18BC99DFFB7; };
		D47C6CF92EB7D45B4EF0DA2B = {isa = PBXBuildFile; fileRef = 0EB988990E12FB6E060FD9D0; };
		3F4A69E69BFE7A78204B561A = {isa = PBXBuildFile; fileRef = CBBBFAB25D892CD78A6B411D; };
		99A2F6840B4F62C94BD6AFB0 = {isa = PBXBuildFile; fileRef = E357934631C63F012BB18CE9; };
		34AC1E8128EEBB91F1AD52C3 = {isa = PBXBuildFile; fileRef = 0E4595648CDCF0058B7A9142; };
		B9FF1F92CD063A55EF712960 = {isa = PBXBuildFile; fileRef = 5401634D77980FC25E0394AA; };
		BD29B3BA42F43B3F0521970F = {isa = PBXBuildFile; fileRef = 12F62123AC93BA581FA22225; };
		35ECAF5E489A2FD734E42784 = {isa = PBXBuildFile; fileRef = 64795E3FC9B89EF8249738F7; };
		798C79B227E1DE327332508E = {isa = PBXBuildFile; fileRef = F7A0DD7DC1F9D7AF4AE1F159; };
		B6CF037412A2B5CDFBFE97CB = {isa = PBXBuildFile; fileRef = 74712F742775C54384EDE254; };
		D741518657F93B4F1BC4D8D5 = {isa = PBXBuildFile; fileRef = D7B136A8FDECC1876B3DAE78; };
		9480C3219534B7A9B7455B88 = {isa = PBXBuildFile; fileRef = 4A6BCB796FAEAD3DFCFEF221; };
		8DC6A709362F429A4F6413A8 = {isa = PBXBuildFile; fileRef = F8B4C0609C2D4BCDDFE45CCB; };
		DCB4E1526962623A69B08F5E = {isa = PBXBuildFile; fileRef = B21481E8021878460BA3424F; };
		3AC4B62EB312B14800620577 = {isa = PBXBuildFile; fileRef = 7736E11348818FE95038D4E5; };
		ADAB902B1844CD8E50765B5C = {isa = PBXBuildFile; fileRef = 37999814E7F8FB19EDA18A28; };
		D771B3788E36C7375E2A926E = {isa = PBXBuildFile; fileRef = 7906A10129938F4C891D3183; };
		F08EC1A2D6AA13B6A7473F46 = {isa = PBXBuildFile; fileRef = 261096E264F64862CF1D4750; };
		577274E207AA380B1DB9E3D6 = {isa = PBXBuildFile; fileRef = 1EA92EED1092587F3A626E57; };
		A3CA8161FB44DB99689E3CB8 = {isa = PBXBuildFile; fileRef = 164B802E125255B19B6A50BE; };
		8847E355C600952FD9F4BCF2 = {isa = PBXBuildFile; fileRef = E51F42BF94FFF6583D2E564D; };
		F704495FCE95FEED3D978365 = {isa = PBXBuildFile; fileRef = D92A0EF0B04298088B15A9A8; };
		479C94E1205E2BFD6893845D = {isa = PBXBuildFile; fileRef = 1B7F01E167DD9F62723F7DAD; };
		736B0F2B7E378A7EA55FCB6A = {isa = PBXBuildFile; fileRef = 66E1F0034DFCEE6D96DE62C7; };
		0C9FA168DB47FA7765BA8126 = {isa = PBXBuildFile; fileRef = F2C2F56FEDC74BE730604D58; };
		146772B6529E573F64BF8A42 = {isa = PBXBuildFile; fileRef = AB9A57A86A652B82772EBB41; };
		002B0959B67021049ACB32C4 = {isa = PBXBuildFile; fileRef = B91F920AC58EDCFD5959CC7A; };
		9A4622F3AEBD2B2228DDDDBE = {isa = PBXBuildFile; fileRef = 7AAFE55C41493AE8FFFF7A22; };
		E9A62F42B0B15E53CAE26FE4 = {isa = PBXBuildFile; fileRef = 720486C80BACA2763E605FA2; };
		EAF95419952973E757B96DC3 = {isa = PBXBuildFile; fileRef = E72822A01DCEFEB61236D8A7; };
		EACC695278200148995D8F10 = {isa = PBXBuildFile; fileRef = 8CDC432253CD8A3A86447B6B; };
		044D3CF3D62290B63B46818A = {isa = PBXFileReference; lastKnownFileType = file; name = "juce_core"; path = "../../../JUCE/modules/juce_core"; sourceTree = "SOURCE_ROOT"; };
		0C75BC159605168DEAB3A770 = {isa = PBXFileReference; lastKnownFileType = file; name = "juce_audio_basics"; path = "../../../JUCE/modules/juce_audio_basics"; sourceTree = "SOURCE_ROOT"; };
		0E4595648CDCF0058B7A9142 = {isa = PBXFileReference; lastKnownFileType = wrapper.framework; name = QuartzCore.framework; path = System/Library/Frameworks/QuartzCore.framework; sourceTree = SDKROOT; };
		0EB988990E12FB6E060FD9D0 = {isa = PBXFileReference; lastKnownFileType = wrapper.framework; name = DiscRecording.framework; path = System/Library/Frameworks/DiscRecording.framework; sourceTree = SDKROOT; };
		12F62123AC93BA581FA22225 = {isa = PBXFileReference; lastKnownFileType = file.nib; name = RecentFilesMenuTemplate.nib; path = RecentFilesMenuTemplate.nib; sourceTree = "SOURCE_ROOT"; };
		13F577D72532DDBB193EC5CD = {isa = PBXFileReference; lastKnownFileType = text.plist.xml; name = "Info-App.plist"; path = "Info-App.plist"; sourceTree = "SOURCE_ROOT"; };
		164B802E125255B19B6A50BE = {isa = PBXFileReference; lastKnownFileType = sourcecode.cpp.objcpp; name = "include_juce_audio_formats.mm"; path = "../../JuceLibraryCode/include_juce_audio_formats.mm"; sourceTree = "SOURCE_ROOT"; };
		1693116183E4647987D5E525 = {isa = PBXFileReference; lastKnownFileType = wrapper.framework; name = Accelerate.framework; path = System/Library/Frameworks/Accelerate.framework; sourceTree = SDKROOT; };
		1AC32718EA26E1C59055EB2F = {isa = PBXFileReference; explicitFileType = wrapper.application; includeInIndex = 0; path = PokeSampler.app; sourceTree = "BUILT_PRODUCTS_DIR"; };
		1B7F01E167DD9F62723F7DAD = {isa = PBXFileReference; lastKnownFileType = sourcecode.cpp.objcpp; name = "include_juce_core.mm"; path = "../../JuceLibraryCode/include_juce_core.mm"; sourceTree = "SOURCE_ROOT"; };
		1EA92EED1092587F3A626E57 = {isa = PBXFileReference; lastKnownFileType = sourcecode.cpp.objcpp; name = "include_juce_audio_devices.mm"; path = "../../JuceLibraryCode/include_juce_audio_devices.mm"; sourceTree = "SOURCE_ROOT"; };
		22ECFA017BC0769D26FE81C0 = {isa = PBXFileReference; lastKnownFileType = sourcecode.c.h; name = Note.h; path = ../../Source/Note.h; sourceTree = "SOURCE_ROOT"; };
		261096E264F64862CF1D4750 = {isa = PBXFileReference; lastKnownFileType = sourcecode.cpp.objcpp; name = "include_juce_audio_basics.mm"; path = "../../JuceLibraryCode/include_juce_audio_basics.mm"; sourceTree = "SOURCE_ROOT"; };
		26E42BB65A05C3B0ACD6CFF3 = {isa = PBXFileReference; lastKnownFileType = file; name = "juce_graphics"; path = "../../../JUCE/modules/juce_graphics"; sourceTree = "SOURCE_ROOT"; };
		278571BA4125E8DD8CB4FCEE = {isa = PBXFileReference; lastKnownFileType = file; name = "juce_audio_utils"; path = "../../../JUCE/modules/juce_audio_utils"; sourceTree = "SOURCE_ROOT"; };
		2D55B5B16B45663BCF196AF3 = {isa = PBXFileReference; lastKnownFileType = sourcecode.c.h; name = StepComponent.h; path = ../../Source/StepComponent.h; sourceTree = "SOURCE_ROOT"; };
		2FEE9798F40FBCC76280B668 = {isa = PBXFileReference; lastKnownFileType = sourcecode.c.h; name = SamplerComponent.h; path = ../../Source/SamplerComponent.h; sourceTree = "SOURCE_ROOT"; };
		34A78749E3833B27E29A21D4 = {isa = PBXFileReference; lastKnownFileType = sourcecode.c.h; name = AppConfig.h; path = ../../JuceLibraryCode/AppConfig.h; sourceTree = "SOURCE_ROOT"; };
		37999814E7F8FB19EDA18A28 = {isa = PBXFileReference; lastKnownFileType = sourcecode.cpp.cpp; name = MainComponent.cpp; path = ../../Source/MainComponent.cpp; sourceTree = "SOURCE_ROOT"; };
		37BB3B18D92C7CF082FFB7C5 = {isa = PBXFileReference; lastKnownFileType = sourcecode.c.h; name = SequencerComponent.h; path = ../../Source/SequencerComponent.h; sourceTree = "SOURCE_ROOT"; };
		3D9FFC1BD1587FEF39679961 = {isa = PBXFileReference; lastKnownFileType = file; name = "juce_gui_basics"; path = "../../../JUCE/modules/juce_gui_basics"; sourceTree = "SOURCE_ROOT"; };
		3EDF62654CEB92D2A1314FAD = {isa = PBXFileReference; lastKnownFileType = file; name = "juce_cryptography"; path = "../../../JUCE/modules/juce_cryptography"; sourceTree = "SOURCE_ROOT"; };
		4375AC14876CF48337CB7128 = {isa = PBXFileReference; lastKnownFileType = sourcecode.c.h; name = BeatTimer.h; path = ../../Source/BeatTimer.h; sourceTree = "SOURCE_ROOT"; };
		4461AA6B0A93F7A1C23E9B0A = {isa = PBXFileReference; lastKnownFileType = sourcecode.c.h; name = Pattern.h; path = ../../Source/Pattern.h; sourceTree = "SOURCE_ROOT"; };
		4A6BCB796FAEAD3DFCFEF221 = {isa = PBXFileReference; lastKnownFileType = sourcecode.cpp.cpp; name = StepComponent.cpp; path = ../../Source/StepComponent.cpp; sourceTree = "SOURCE_ROOT"; };
		4AC0A1988CA9086484435150 = {isa = PBXFileReference; lastKnownFileType = file; name = "juce_video"; path = "../../../JUCE/modules/juce_video"; sourceTree = "SOURCE_ROOT"; };
		4E20050D94A0FB26BB1D5A1D = {isa = PBXFileReference; lastKnownFileType = wrapper.framework; name = AVKit.framework; path = System/Library/Frameworks/AVKit.framework; sourceTree = SDKROOT; };
		5401634D77980FC25E0394AA = {isa = PBXFileReference; lastKnownFileType = wrapper.framework; name = WebKit.framework; path = System/Library/Frameworks/WebKit.framework; sourceTree = SDKROOT; };
		556B0EB0673180D5BD6A01C7 = {isa = PBXFileReference; lastKnownFileType = sourcecode.c.h; name = Util.h; path = ../../Source/Util.h; sourceTree = "SOURCE_ROOT"; };
		59DB037A477DE4D394D9721F = {isa = PBXFileReference; lastKnownFileType = wrapper.framework; name = Carbon.framework; path = System/Library/Frameworks/Carbon.framework; sourceTree = SDKROOT; };
		5B15C8C444CDE25994C8C4FD = {isa = PBXFileReference; lastKnownFileType = wrapper.framework; name = Cocoa.framework; path = System/Library/Frameworks/Cocoa.framework; sourceTree = SDKROOT; };
		64795E3FC9B89EF8249738F7 = {isa = PBXFileReference; lastKnownFileType = sourcecode.cpp.cpp; name = SamplerComponent.cpp; path = ../../Source/SamplerComponent.cpp; sourceTree = "SOURCE_ROOT"; };
		66E1F0034DFCEE6D96DE62C7 = {isa = PBXFileReference; lastKnownFileType = sourcecode.cpp.objcpp; name = "include_juce_cryptography.mm"; path = "../../JuceLibraryCode/include_juce_cryptography.mm"; sourceTree = "SOURCE_ROOT"; };
		704D7A400708A0D6F44E71CA = {isa = PBXFileReference; lastKnownFileType = file; name = "juce_audio_processors"; path = "../../../JUCE/modules/juce_audio_processors"; sourceTree = "SOURCE_ROOT"; };
		720486C80BACA2763E605FA2 = {isa = PBXFileReference; lastKnownFileType = sourcecode.cpp.objcpp; name = "include_juce_gui_extra.mm"; path = "../../JuceLibraryCode/include_juce_gui_extra.mm"; sourceTree = "SOURCE_ROOT"; };
		74712F742775C54384EDE254 = {isa = PBXFileReference; lastKnownFileType = sourcecode.cpp.cpp; name = Note.cpp; path = ../../Source/Note.cpp; sourceTree = "SOURCE_ROOT"; };
		7736E11348818FE95038D4E5 = {isa = PBXFileReference; lastKnownFileType = sourcecode.cpp.cpp; name = SequencerComponent.cpp; path = ../../Source/SequencerComponent.cpp; sourceTree = "SOURCE_ROOT"; };
		7906A10129938F4C891D3183 = {isa = PBXFileReference; lastKnownFileType = sourcecode.cpp.cpp; name = Main.cpp; path = ../../Source/Main.cpp; sourceTree = "SOURCE_ROOT"; };
		7AAFE55C41493AE8FFFF7A22 = {isa = PBXFileReference; lastKnownFileType = sourcecode.cpp.objcpp; name = "include_juce_gui_basics.mm"; path = "../../JuceLibraryCode/include_juce_gui_basics.mm"; sourceTree = "SOURCE_ROOT"; };
		7D606BACDD7D193570CF54FF = {isa = PBXFileReference; lastKnownFileType = sourcecode.c.h; name = JuceHeader.h; path = ../../JuceLibraryCode/JuceHeader.h; sourceTree = "SOURCE_ROOT"; };
		7E2F216760C46A916F02FC64 = {isa = PBXFileReference; lastKnownFileType = file; name = "juce_gui_extra"; path = "../../../JUCE/modules/juce_gui_extra"; sourceTree = "SOURCE_ROOT"; };
		828D52255C9C27D229B8BDD4 = {isa = PBXFileReference; lastKnownFileType = file; name = "juce_audio_formats"; path = "../../../JUCE/modules/juce_audio_formats"; sourceTree = "SOURCE_ROOT"; };
		85F4825A4BDF8BB65329A13D = {isa = PBXFileReference; lastKnownFileType = file; name = "juce_events"; path = "../../../JUCE/modules/juce_events"; sourceTree = "SOURCE_ROOT"; };
		88544FA8DEE59CF691341D35 = {isa = PBXFileReference; lastKnownFileType = sourcecode.c.h; name = ChannelComponent.h; path = ../../Source/ChannelComponent.h; sourceTree = "SOURCE_ROOT"; };
		8CC9C866A5E35AEEEC38033A = {isa = PBXFileReference; lastKnownFileType = wrapper.framework; name = CoreAudio.framework; path = System/Library/Frameworks/CoreAudio.framework; sourceTree = SDKROOT; };
		8CDC432253CD8A3A86447B6B = {isa = PBXFileReference; lastKnownFileType = sourcecode.cpp.objcpp; name = "include_juce_video.mm"; path = "../../JuceLibraryCode/include_juce_video.mm"; sourceTree = "SOURCE_ROOT"; };
		930D00398733B7318ECF7CA3 = {isa = PBXFileReference; lastKnownFileType = sourcecode.c.h; name = LoopableSamplerVoice.h; path = ../../Source/LoopableSamplerVoice.h; sourceTree = "SOURCE_ROOT"; };
		945769083E579A14F87CA12E = {isa = PBXFileReference; lastKnownFileType = sourcecode.c.h; name = MainComponent.h; path = ../../Source/MainComponent.h; sourceTree = "SOURCE_ROOT"; };
		96C0CBAA9B62D18BC99DFFB7 = {isa = PBXFileReference; lastKnownFileType = wrapper.framework; name = CoreMIDI.framework; path = System/Library/Frameworks/CoreMIDI.framework; sourceTree = SDKROOT; };
		A7F232CEDB931FCEE4F6B42E = {isa = PBXFileReference; lastKnownFileType = sourcecode.c.h; name = Step.h; path = ../../Source/Step.h; sourceTree = "SOURCE_ROOT"; };
		AB9A57A86A652B82772EBB41 = {isa = PBXFileReference; lastKnownFileType = sourcecode.cpp.objcpp; name = "include_juce_events.mm"; path = "../../JuceLibraryCode/include_juce_events.mm"; sourceTree = "SOURCE_ROOT"; };
		AC15EEBC5ED64D38AF726B3D = {isa = PBXFileReference; lastKnownFileType = file; name = "juce_opengl"; path = "../../../JUCE/modules/juce_opengl"; sourceTree = "SOURCE_ROOT"; };
		B21481E8021878460BA3424F = {isa = PBXFileReference; lastKnownFileType = sourcecode.cpp.cpp; name = BeatTimer.cpp; path = ../../Source/BeatTimer.cpp; sourceTree = "SOURCE_ROOT"; };
		B6742682E4798ED7326164F6 = {isa = PBXFileReference; lastKnownFileType = file; name = "juce_audio_devices"; path = "../../../JUCE/modules/juce_audio_devices"; sourceTree = "SOURCE_ROOT"; };
		B7F432ED30CA02B5D11421BD = {isa = PBXFileReference; lastKnownFileType = wrapper.framework; name = AudioToolbox.framework; path = System/Library/Frameworks/AudioToolbox.framework; sourceTree = SDKROOT; };
		B91F920AC58EDCFD5959CC7A = {isa = PBXFileReference; lastKnownFileType = sourcecode.cpp.objcpp; name = "include_juce_graphics.mm"; path = "../../JuceLibraryCode/include_juce_graphics.mm"; sourceTree = "SOURCE_ROOT"; };
		CBBBFAB25D892CD78A6B411D = {isa = PBXFileReference; lastKnownFileType = wrapper.framework; name = IOKit.framework; path = System/Library/Frameworks/IOKit.framework; sourceTree = SDKROOT; };
		D08C2C374C6FD9B8E71D9322 = {isa = PBXFileReference; lastKnownFileType = file; name = "juce_data_structures"; path = "../../../JUCE/modules/juce_data_structures"; sourceTree = "SOURCE_ROOT"; };
		D7B136A8FDECC1876B3DAE78 = {isa = PBXFileReference; lastKnownFileType = sourcecode.cpp.cpp; name = Step.cpp; path = ../../Source/Step.cpp; sourceTree = "SOURCE_ROOT"; };
		D92A0EF0B04298088B15A9A8 = {isa = PBXFileReference; lastKnownFileType = sourcecode.cpp.objcpp; name = "include_juce_audio_utils.mm"; path = "../../JuceLibraryCode/include_juce_audio_utils.mm"; sourceTree = "SOURCE_ROOT"; };
		E357934631C63F012BB18CE9 = {isa = PBXFileReference; lastKnownFileType = wrapper.framework; name = OpenGL.framework; path = System/Library/Frameworks/OpenGL.framework; sourceTree = SDKROOT; };
		E51F42BF94FFF6583D2E564D = {isa = PBXFileReference; lastKnownFileType = sourcecode.cpp.objcpp; name = "include_juce_audio_processors.mm"; path = "../../JuceLibraryCode/include_juce_audio_processors.mm"; sourceTree = "SOURCE_ROOT"; };
		E72822A01DCEFEB61236D8A7 = {isa = PBXFileReference; lastKnownFileType = sourcecode.cpp.objcpp; name = "include_juce_opengl.mm"; path = "../../JuceLibraryCode/include_juce_opengl.mm"; sourceTree = "SOURCE_ROOT"; };
		E916AE1F8BE08716948E4823 = {isa = PBXFileReference; lastKnownFileType = wrapper.framework; name = CoreMedia.framework; path = System/Library/Frameworks/CoreMedia.framework; sourceTree = SDKROOT; };
		ECC9738A075C9BEA110C52AB = {isa = PBXFileReference; lastKnownFileType = wrapper.framework; name = AVFoundation.framework; path = System/Library/Frameworks/AVFoundation.framework; sourceTree = SDKROOT; };
		F2C2F56FEDC74BE730604D58 = {isa = PBXFileReference; lastKnownFileType = sourcecode.cpp.objcpp; name = "include_juce_data_structures.mm"; path = "../../JuceLibraryCode/include_juce_data_structures.mm"; sourceTree = "SOURCE_ROOT"; };
		F7A0DD7DC1F9D7AF4AE1F159 = {isa = PBXFileReference; lastKnownFileType = sourcecode.cpp.cpp; name = Pattern.cpp; path = ../../Source/Pattern.cpp; sourceTree = "SOURCE_ROOT"; };
		F8B4C0609C2D4BCDDFE45CCB = {isa = PBXFileReference; lastKnownFileType = sourcecode.cpp.cpp; name = ChannelComponent.cpp; path = ../../Source/ChannelComponent.cpp; sourceTree = "SOURCE_ROOT"; };
		F4DB29047FE36B78630C1692 = {isa = PBXGroup; children = (
					64795E3FC9B89EF8249738F7,
					2FEE9798F40FBCC76280B668,
					930D00398733B7318ECF7CA3,
					F7A0DD7DC1F9D7AF4AE1F159,
					4461AA6B0A93F7A1C23E9B0A,
					556B0EB0673180D5BD6A01C7,
					74712F742775C54384EDE254,
					22ECFA017BC0769D26FE81C0,
					D7B136A8FDECC1876B3DAE78,
					A7F232CEDB931FCEE4F6B42E,
					4A6BCB796FAEAD3DFCFEF221,
					2D55B5B16B45663BCF196AF3,
					F8B4C0609C2D4BCDDFE45CCB,
					88544FA8DEE59CF691341D35,
					B21481E8021878460BA3424F,
					4375AC14876CF48337CB7128,
					7736E11348818FE95038D4E5,
					37BB3B18D92C7CF082FFB7C5,
					945769083E579A14F87CA12E,
					37999814E7F8FB19EDA18A28,
					7906A10129938F4C891D3183, ); name = Source; sourceTree = "<group>"; };
		AA64EDEFB317C73911E2C9AA = {isa = PBXGroup; children = (
					F4DB29047FE36B78630C1692, ); name = PokeSampler; sourceTree = "<group>"; };
		77AAC847B9B6621B57638493 = {isa = PBXGroup; children = (
					0C75BC159605168DEAB3A770,
					B6742682E4798ED7326164F6,
					828D52255C9C27D229B8BDD4,
					704D7A400708A0D6F44E71CA,
					278571BA4125E8DD8CB4FCEE,
					044D3CF3D62290B63B46818A,
					3EDF62654CEB92D2A1314FAD,
					D08C2C374C6FD9B8E71D9322,
					85F4825A4BDF8BB65329A13D,
					26E42BB65A05C3B0ACD6CFF3,
					3D9FFC1BD1587FEF39679961,
					7E2F216760C46A916F02FC64,
					AC15EEBC5ED64D38AF726B3D,
					4AC0A1988CA9086484435150, ); name = "JUCE Modules"; sourceTree = "<group>"; };
		EA17840364D8CFA71FD44BF0 = {isa = PBXGroup; children = (
					34A78749E3833B27E29A21D4,
					261096E264F64862CF1D4750,
					1EA92EED1092587F3A626E57,
					164B802E125255B19B6A50BE,
					E51F42BF94FFF6583D2E564D,
					D92A0EF0B04298088B15A9A8,
					1B7F01E167DD9F62723F7DAD,
					66E1F0034DFCEE6D96DE62C7,
					F2C2F56FEDC74BE730604D58,
					AB9A57A86A652B82772EBB41,
					B91F920AC58EDCFD5959CC7A,
					7AAFE55C41493AE8FFFF7A22,
					720486C80BACA2763E605FA2,
					E72822A01DCEFEB61236D8A7,
					8CDC432253CD8A3A86447B6B,
					7D606BACDD7D193570CF54FF, ); name = "JUCE Library Code"; sourceTree = "<group>"; };
		D622BA5D5D78F17247ED865C = {isa = PBXGroup; children = (
					13F577D72532DDBB193EC5CD,
					12F62123AC93BA581FA22225, ); name = Resources; sourceTree = "<group>"; };
		7180A45103CC5DD709957DA0 = {isa = PBXGroup; children = (
					1693116183E4647987D5E525,
					B7F432ED30CA02B5D11421BD,
					ECC9738A075C9BEA110C52AB,
					4E20050D94A0FB26BB1D5A1D,
					59DB037A477DE4D394D9721F,
					5B15C8C444CDE25994C8C4FD,
					8CC9C866A5E35AEEEC38033A,
					E916AE1F8BE08716948E4823,
					96C0CBAA9B62D18BC99DFFB7,
					0EB988990E12FB6E060FD9D0,
					CBBBFAB25D892CD78A6B411D,
					E357934631C63F012BB18CE9,
					0E4595648CDCF0058B7A9142,
					5401634D77980FC25E0394AA, ); name = Frameworks; sourceTree = "<group>"; };
		9FD77E4503ED7AEA45C5EBFD = {isa = PBXGroup; children = (
					1AC32718EA26E1C59055EB2F, ); name = Products; sourceTree = "<group>"; };
		AA3038A2DF6128D32485B77D = {isa = PBXGroup; children = (
					AA64EDEFB317C73911E2C9AA,
					77AAC847B9B6621B57638493,
					EA17840364D8CFA71FD44BF0,
					D622BA5D5D78F17247ED865C,
					7180A45103CC5DD709957DA0,
					9FD77E4503ED7AEA45C5EBFD, ); name = Source; sourceTree = "<group>"; };
		CE1C479EAC5EAD307D61AF65 = {isa = XCBuildConfiguration; buildSettings = {
				CLANG_CXX_LANGUAGE_STANDARD = "c++14";
				CLANG_LINK_OBJC_RUNTIME = NO;
				COMBINE_HIDPI_IMAGES = YES;
				CONFIGURATION_BUILD_DIR = "$(PROJECT_DIR)/build/$(CONFIGURATION)";
				COPY_PHASE_STRIP = NO;
				GCC_DYNAMIC_NO_PIC = NO;
				GCC_OPTIMIZATION_LEVEL = 0;
				GCC_PREPROCESSOR_DEFINITIONS = (
					"_DEBUG=1",
					"DEBUG=1",
					"JUCER_XCODE_MAC_F6D2F4CF=1",
					"JUCE_APP_VERSION=1.0.0",
					"JUCE_APP_VERSION_HEX=0x10000",
					"JucePlugin_Build_VST=0",
					"JucePlugin_Build_VST3=0",
					"JucePlugin_Build_AU=0",
					"JucePlugin_Build_AUv3=0",
					"JucePlugin_Build_RTAS=0",
					"JucePlugin_Build_AAX=0",
					"JucePlugin_Build_Standalone=0", );
				GCC_VERSION = com.apple.compilers.llvm.clang.1_0;
				HEADER_SEARCH_PATHS = ("../../JuceLibraryCode", "../../../JUCE/modules", "$(inherited)");
				INFOPLIST_FILE = Info-App.plist;
				INFOPLIST_PREPROCESS = NO;
				INSTALL_PATH = "$(HOME)/Applications";
				MACOSX_DEPLOYMENT_TARGET = 10.11;
				MACOSX_DEPLOYMENT_TARGET_ppc = 10.4;
				PRODUCT_BUNDLE_IDENTIFIER = com.yourcompany.PokeSampler;
				SDKROOT_ppc = macosx10.5;
				USE_HEADERMAP = NO; }; name = Debug; };
		60EA9A5134E7FF4C4E185B05 = {isa = XCBuildConfiguration; buildSettings = {
				CLANG_CXX_LANGUAGE_STANDARD = "c++14";
				CLANG_LINK_OBJC_RUNTIME = NO;
				COMBINE_HIDPI_IMAGES = YES;
				CONFIGURATION_BUILD_DIR = "$(PROJECT_DIR)/build/$(CONFIGURATION)";
				DEAD_CODE_STRIPPING = YES;
				GCC_GENERATE_DEBUGGING_SYMBOLS = NO;
				GCC_OPTIMIZATION_LEVEL = 3;
				GCC_PREPROCESSOR_DEFINITIONS = (
					"_NDEBUG=1",
					"NDEBUG=1",
					"JUCER_XCODE_MAC_F6D2F4CF=1",
					"JUCE_APP_VERSION=1.0.0",
					"JUCE_APP_VERSION_HEX=0x10000",
					"JucePlugin_Build_VST=0",
					"JucePlugin_Build_VST3=0",
					"JucePlugin_Build_AU=0",
					"JucePlugin_Build_AUv3=0",
					"JucePlugin_Build_RTAS=0",
					"JucePlugin_Build_AAX=0",
					"JucePlugin_Build_Standalone=0", );
				GCC_SYMBOLS_PRIVATE_EXTERN = YES;
				GCC_VERSION = com.apple.compilers.llvm.clang.1_0;
				HEADER_SEARCH_PATHS = ("../../JuceLibraryCode", "../../../JUCE/modules", "$(inherited)");
				INFOPLIST_FILE = Info-App.plist;
				INFOPLIST_PREPROCESS = NO;
				INSTALL_PATH = "$(HOME)/Applications";
				LLVM_LTO = YES;
				MACOSX_DEPLOYMENT_TARGET = 10.11;
				MACOSX_DEPLOYMENT_TARGET_ppc = 10.4;
				PRODUCT_BUNDLE_IDENTIFIER = com.yourcompany.PokeSampler;
				SDKROOT_ppc = macosx10.5;
				USE_HEADERMAP = NO; }; name = Release; };
		9E3A7587CB4AE8206527E053 = {isa = XCBuildConfiguration; buildSettings = {
				ALWAYS_SEARCH_USER_PATHS = NO;
				CLANG_WARN_BLOCK_CAPTURE_AUTORELEASING = YES;
				CLANG_WARN_BOOL_CONVERSION = YES;
				CLANG_WARN_COMMA = YES;
				CLANG_WARN_CONSTANT_CONVERSION = YES;
				CLANG_WARN_EMPTY_BODY = YES;
				CLANG_WARN_ENUM_CONVERSION = YES;
				CLANG_WARN_INFINITE_RECURSION = YES;
				CLANG_WARN_INT_CONVERSION = YES;
				CLANG_WARN_NON_LITERAL_NULL_CONVERSION = YES;
				CLANG_WARN_OBJC_LITERAL_CONVERSION = YES;
				CLANG_WARN_RANGE_LOOP_ANALYSIS = YES;
				CLANG_WARN_STRICT_PROTOTYPES = YES;
				CLANG_WARN_SUSPICIOUS_MOVE = YES;
				CLANG_WARN_UNREACHABLE_CODE = YES;
				CLANG_WARN__DUPLICATE_METHOD_MATCH = YES;
				DEBUG_INFORMATION_FORMAT = "dwarf";
				ENABLE_STRICT_OBJC_MSGSEND = YES;
				ENABLE_TESTABILITY = YES;
				GCC_C_LANGUAGE_STANDARD = c11;
				GCC_INLINES_ARE_PRIVATE_EXTERN = YES;
				GCC_MODEL_TUNING = G5;
				GCC_NO_COMMON_BLOCKS = YES;
				GCC_WARN_64_TO_32_BIT_CONVERSION = YES;
				GCC_WARN_ABOUT_RETURN_TYPE = YES;
				GCC_WARN_CHECK_SWITCH_STATEMENTS = YES;
				GCC_WARN_MISSING_PARENTHESES = YES;
				GCC_WARN_NON_VIRTUAL_DESTRUCTOR = YES;
				GCC_WARN_TYPECHECK_CALLS_TO_PRINTF = YES;
				GCC_WARN_UNDECLARED_SELECTOR = YES;
				GCC_WARN_UNINITIALIZED_AUTOS = YES;
				GCC_WARN_UNUSED_FUNCTION = YES;
				GCC_WARN_UNUSED_VARIABLE = YES;
				ONLY_ACTIVE_ARCH = YES;
				PRODUCT_NAME = "PokeSampler";
				WARNING_CFLAGS = -Wreorder;
				ZERO_LINK = NO; }; name = Debug; };
		A1E6F292CFE8D565E7173834 = {isa = XCBuildConfiguration; buildSettings = {
				ALWAYS_SEARCH_USER_PATHS = NO;
				CLANG_WARN_BLOCK_CAPTURE_AUTORELEASING = YES;
				CLANG_WARN_BOOL_CONVERSION = YES;
				CLANG_WARN_COMMA = YES;
				CLANG_WARN_CONSTANT_CONVERSION = YES;
				CLANG_WARN_EMPTY_BODY = YES;
				CLANG_WARN_ENUM_CONVERSION = YES;
				CLANG_WARN_INFINITE_RECURSION = YES;
				CLANG_WARN_INT_CONVERSION = YES;
				CLANG_WARN_NON_LITERAL_NULL_CONVERSION = YES;
				CLANG_WARN_OBJC_LITERAL_CONVERSION = YES;
				CLANG_WARN_RANGE_LOOP_ANALYSIS = YES;
				CLANG_WARN_STRICT_PROTOTYPES = YES;
				CLANG_WARN_SUSPICIOUS_MOVE = YES;
				CLANG_WARN_UNREACHABLE_CODE = YES;
				CLANG_WARN__DUPLICATE_METHOD_MATCH = YES;
				DEBUG_INFORMATION_FORMAT = "dwarf";
				ENABLE_STRICT_OBJC_MSGSEND = YES;
				GCC_C_LANGUAGE_STANDARD = c11;
				GCC_INLINES_ARE_PRIVATE_EXTERN = YES;
				GCC_MODEL_TUNING = G5;
				GCC_NO_COMMON_BLOCKS = YES;
				GCC_WARN_64_TO_32_BIT_CONVERSION = YES;
				GCC_WARN_ABOUT_RETURN_TYPE = YES;
				GCC_WARN_CHECK_SWITCH_STATEMENTS = YES;
				GCC_WARN_MISSING_PARENTHESES = YES;
				GCC_WARN_NON_VIRTUAL_DESTRUCTOR = YES;
				GCC_WARN_TYPECHECK_CALLS_TO_PRINTF = YES;
				GCC_WARN_UNDECLARED_SELECTOR = YES;
				GCC_WARN_UNINITIALIZED_AUTOS = YES;
				GCC_WARN_UNUSED_FUNCTION = YES;
				GCC_WARN_UNUSED_VARIABLE = YES;
				PRODUCT_NAME = "PokeSampler";
				WARNING_CFLAGS = -Wreorder;
				ZERO_LINK = NO; }; name = Release; };
		EC5DF48C4A43AF72210ABC93 = {isa = PBXTargetDependency; target = B07F15EE2ACE99512DDE4381; };
		EB5E2E2183AAB59C9A2D468E = {isa = XCConfigurationList; buildConfigurations = (
					9E3A7587CB4AE8206527E053,
					A1E6F292CFE8D565E7173834, ); defaultConfigurationIsVisible = 0; defaultConfigurationName = Debug; };
		5A0707BD0E46A788C2E29D8A = {isa = XCConfigurationList; buildConfigurations = (
					CE1C479EAC5EAD307D61AF65,
					60EA9A5134E7FF4C4E185B05, ); defaultConfigurationIsVisible = 0; defaultConfigurationName = Debug; };
		1B4806FED2C1682E19581E1F = {isa = PBXResourcesBuildPhase; buildActionMask = 2147483647; files = (
					BD29B3BA42F43B3F0521970F, ); runOnlyForDeploymentPostprocessing = 0; };
		2FC9FCD7439465D621C4F090 = {isa = PBXSourcesBuildPhase; buildActionMask = 2147483647; files = (
					35ECAF5E489A2FD734E42784,
					798C79B227E1DE327332508E,
					B6CF037412A2B5CDFBFE97CB,
					D741518657F93B4F1BC4D8D5,
					9480C3219534B7A9B7455B88,
					8DC6A709362F429A4F6413A8,
					DCB4E1526962623A69B08F5E,
					3AC4B62EB312B14800620577,
					ADAB902B1844CD8E50765B5C,
					D771B3788E36C7375E2A926E,
					F08EC1A2D6AA13B6A7473F46,
					577274E207AA380B1DB9E3D6,
					A3CA8161FB44DB99689E3CB8,
					8847E355C600952FD9F4BCF2,
					F704495FCE95FEED3D978365,
					479C94E1205E2BFD6893845D,
					736B0F2B7E378A7EA55FCB6A,
					0C9FA168DB47FA7765BA8126,
					146772B6529E573F64BF8A42,
					002B0959B67021049ACB32C4,
					9A4622F3AEBD2B2228DDDDBE,
					E9A62F42B0B15E53CAE26FE4,
					EAF95419952973E757B96DC3,
					EACC695278200148995D8F10, ); runOnlyForDeploymentPostprocessing = 0; };
		F9EB6754B1DBEFA30A92713A = {isa = PBXFrameworksBuildPhase; buildActionMask = 2147483647; files = (
					7B60DFA15AF214D7B13A5C79,
					721CB0B7F75926184D01B2F3,
					DA54EB177F479E149CD77AE8,
					D50BEA488CFDBB51E112CB31,
					8A1F76412F8CE6FB438298E4,
					6B334945A0EEF8E6141E6DAC,
					2B66F245C114C7037760BFA4,
					3E05CD294A01C976B4D1AE02,
					EDDD3C5A51C94ABC0E284CB7,
					D47C6CF92EB7D45B4EF0DA2B,
					3F4A69E69BFE7A78204B561A,
					99A2F6840B4F62C94BD6AFB0,
					34AC1E8128EEBB91F1AD52C3,
					B9FF1F92CD063A55EF712960, ); runOnlyForDeploymentPostprocessing = 0; };
		B07F15EE2ACE99512DDE4381 = {isa = PBXNativeTarget; buildConfigurationList = 5A0707BD0E46A788C2E29D8A; buildPhases = (
					1B4806FED2C1682E19581E1F,
					2FC9FCD7439465D621C4F090,
					F9EB6754B1DBEFA30A92713A, ); buildRules = ( ); dependencies = (  ); name = "PokeSampler - App"; productName = PokeSampler; productReference = 1AC32718EA26E1C59055EB2F; productType = "com.apple.product-type.application"; };
		23F166BB050FFA321AE0C53A = {isa = PBXProject; buildConfigurationList = EB5E2E2183AAB59C9A2D468E; attributes = { LastUpgradeCheck = 0830; ORGANIZATIONNAME = ""; TargetAttributes = { B07F15EE2ACE99512DDE4381 = { SystemCapabilities = {com.apple.ApplicationGroups.iOS = { enabled = 0; }; com.apple.InAppPurchase = { enabled = 0; }; com.apple.InterAppAudio = { enabled = 0; }; com.apple.Push = { enabled = 0; }; com.apple.Sandbox = { enabled = 0; }; }; }; }; }; compatibilityVersion = "Xcode 3.2"; hasScannedForEncodings = 0; mainGroup = AA3038A2DF6128D32485B77D; projectDirPath = ""; projectRoot = ""; targets = (B07F15EE2ACE99512DDE4381); };
	};
	rootObject = 23F166BB050FFA321AE0C53A;
}
