// !$*UTF8*$!
{
	archiveVersion = 1;
	classes = {
	};
	objectVersion = 46;
	objects = {

		22AD4FBBBE2100106C500104 = {isa = PBXBuildFile; fileRef = 055CD5A13DB026F9ACB83CD0; };
		CDCC497D534A42E0006DAA81 = {isa = PBXBuildFile; fileRef = FA2881392DA92EC6F7354947; };
		76465851E834688109110527 = {isa = PBXBuildFile; fileRef = F16E10A6794CB6EA30E74CD7; };
		000E2CBFC707D6F379EA6D99 = {isa = PBXBuildFile; fileRef = 079E5306CF4BD3441589EECC; };
		6217B75D523BA10873E6BD96 = {isa = PBXBuildFile; fileRef = 40547EDD2EC85F92C59D73F1; };
		2DA9875331EC9E27C618E569 = {isa = PBXBuildFile; fileRef = 3CCD91E32BEE6708E397E274; };
		1452F54BDC12D946C5C462AD = {isa = PBXBuildFile; fileRef = 8CC623796BFAB1941E0C8941; };
		DF4BD29FD252B480E4692C93 = {isa = PBXBuildFile; fileRef = 585F852FFD89AC1A7A7335BD; };
		5FC9A6DB04E5D43CB08EBEB4 = {isa = PBXBuildFile; fileRef = 30D918161F485D738822776D; };
		5FD7731EEB093E92437DDE32 = {isa = PBXBuildFile; fileRef = 779A085752C7FC0BA53E46C6; };
		9A277A2AC85F9C9582E679AD = {isa = PBXBuildFile; fileRef = D084524435E0FFB443298DC4; };
		E3D83C9B078F56FAFFB1BD34 = {isa = PBXBuildFile; fileRef = 2F6AFD28269E92A948FE25D9; };
		70A0ED209AAAA1D084DC88DD = {isa = PBXBuildFile; fileRef = 47F1C66405C510B7731CA8AD; };
		4358C8E5452FBBA5CE050221 = {isa = PBXBuildFile; fileRef = F2FF02BC032015DE82B3C106; };
		41A7CE98EBDFFC1CA621ACF0 = {isa = PBXBuildFile; fileRef = D4D2301EF1279638F80258F1; };
		1BBBE189CA8D446F56431769 = {isa = PBXBuildFile; fileRef = 48641103EA858B041FCC6E26; };
		F1BCFD5B34E1BCED9D8DB768 = {isa = PBXBuildFile; fileRef = E035BCA2AE161F9A47E6F7BB; };
		3F432ECD567E3C14E2F5D487 = {isa = PBXBuildFile; fileRef = 566A892D353156D0C49303E5; };
		766D495D41C3191269916FD5 = {isa = PBXBuildFile; fileRef = BB00BE619F197452C47DBF6A; };
		3590D4DE6F325565F5872461 = {isa = PBXBuildFile; fileRef = D3C4F6D76AB0183B76BF00EF; };
		7A9766FED50688C95589DAA1 = {isa = PBXBuildFile; fileRef = 51F83E6866B8383EF1C08935; };
		CA835A640979D91757C341C7 = {isa = PBXBuildFile; fileRef = 5FF9734E8CD265C4A5C678C7; };
		6A171FE37EC53E5190AEFEB7 = {isa = PBXBuildFile; fileRef = F693CA9564113BDCEA1D3EEE; };
		3666F396771264B0B438D010 = {isa = PBXBuildFile; fileRef = 2AE601F524CE6A9863FE2516; };
		89D348EDB07EA712AD3073F8 = {isa = PBXBuildFile; fileRef = 71055E28B022AC3222CC15C5; };
		604C9B7571D08A3606821332 = {isa = PBXBuildFile; fileRef = 042D90B5D942D98B0DD9432F; };
		CC92F50D441EC2B11A01EFE8 = {isa = PBXBuildFile; fileRef = CB7CDBBD9F8D05F87F358040; };
		A6119D2B80338E4702547F3A = {isa = PBXBuildFile; fileRef = 96F79943CF5F11F64C2116D7; };
		E1281D99F48BFEEA7ADACB8E = {isa = PBXBuildFile; fileRef = 1F3D325334D44F658C443CE4; };
		2999B5CD88C584EF886A27EC = {isa = PBXBuildFile; fileRef = E56496A3E6EE407A4214008F; };
		356F3852B69C4E49FA93ADB9 = {isa = PBXBuildFile; fileRef = A1398CD9B02D4ED1A4AC566E; };
		CF97E7260A60295A5676950F = {isa = PBXBuildFile; fileRef = 3917245C27C842CE44F735F8; };
		5D64DA9B71FEBB3F33F82438 = {isa = PBXBuildFile; fileRef = C370A0D91D6704A09C7A48C0; };
		133FAC72A00DCD2DC2CC6215 = {isa = PBXBuildFile; fileRef = 43FD8CD6C934862D3544D952; };
		1B4A33DE160C71D295460F65 = {isa = PBXBuildFile; fileRef = B06835D8656BD987E9F1059D; };
		D2DC4DAF2D174D3A4751E106 = {isa = PBXBuildFile; fileRef = 52176DC82FDBBA04E6ED0BD7; };
		D5977F7A6B79E69689018423 = {isa = PBXBuildFile; fileRef = 8BABEA95D318C054082F5DB4; };
		0FE7129CA479BBE67405551F = {isa = PBXBuildFile; fileRef = BFDE9DB899467648AF8D1B47; };
		4D914E4979E17F9DDFD1035A = {isa = PBXBuildFile; fileRef = 31DC6DE721F9B99239D08D2E; };
		042D90B5D942D98B0DD9432F = {isa = PBXFileReference; lastKnownFileType = sourcecode.cpp.objcpp; name = "include_juce_audio_basics.mm"; path = "../../JuceLibraryCode/include_juce_audio_basics.mm"; sourceTree = "SOURCE_ROOT"; };
		055CD5A13DB026F9ACB83CD0 = {isa = PBXFileReference; explicitFileType = wrapper.application; includeInIndex = 0; path = PokeSampler.app; sourceTree = "BUILT_PRODUCTS_DIR"; };
		0780446C140EFA8C34C92F2C = {isa = PBXFileReference; lastKnownFileType = file; name = "juce_graphics"; path = "../../../JUCE/modules/juce_graphics"; sourceTree = "SOURCE_ROOT"; };
		079E5306CF4BD3441589EECC = {isa = PBXFileReference; lastKnownFileType = wrapper.framework; name = AVFoundation.framework; path = System/Library/Frameworks/AVFoundation.framework; sourceTree = SDKROOT; };
		0A66400E6A5BA3F15F9CEBA4 = {isa = PBXFileReference; lastKnownFileType = file; name = "juce_core"; path = "../../../JUCE/modules/juce_core"; sourceTree = "SOURCE_ROOT"; };
		1035667D7BCDFBFEE34E6032 = {isa = PBXFileReference; lastKnownFileType = file; name = "juce_audio_basics"; path = "../../../JUCE/modules/juce_audio_basics"; sourceTree = "SOURCE_ROOT"; };
		10BFEB87A32823C2E1BBA43C = {isa = PBXFileReference; lastKnownFileType = sourcecode.c.h; name = Note.h; path = ../../Source/Note.h; sourceTree = "SOURCE_ROOT"; };
		18B167D7F3394B9CEB52DC56 = {isa = PBXFileReference; lastKnownFileType = sourcecode.c.h; name = SequencerComponent.h; path = ../../Source/SequencerComponent.h; sourceTree = "SOURCE_ROOT"; };
		1F3D325334D44F658C443CE4 = {isa = PBXFileReference; lastKnownFileType = sourcecode.cpp.objcpp; name = "include_juce_audio_processors.mm"; path = "../../JuceLibraryCode/include_juce_audio_processors.mm"; sourceTree = "SOURCE_ROOT"; };
		227AB38670BD8F4C1DEF8C57 = {isa = PBXFileReference; lastKnownFileType = file; name = "juce_gui_basics"; path = "../../../JUCE/modules/juce_gui_basics"; sourceTree = "SOURCE_ROOT"; };
		2AE601F524CE6A9863FE2516 = {isa = PBXFileReference; lastKnownFileType = sourcecode.cpp.cpp; name = MainComponent.cpp; path = ../../Source/MainComponent.cpp; sourceTree = "SOURCE_ROOT"; };
		2F6AFD28269E92A948FE25D9 = {isa = PBXFileReference; lastKnownFileType = wrapper.framework; name = IOKit.framework; path = System/Library/Frameworks/IOKit.framework; sourceTree = SDKROOT; };
		30D918161F485D738822776D = {isa = PBXFileReference; lastKnownFileType = wrapper.framework; name = CoreMedia.framework; path = System/Library/Frameworks/CoreMedia.framework; sourceTree = SDKROOT; };
		31DC6DE721F9B99239D08D2E = {isa = PBXFileReference; lastKnownFileType = sourcecode.cpp.objcpp; name = "include_juce_video.mm"; path = "../../JuceLibraryCode/include_juce_video.mm"; sourceTree = "SOURCE_ROOT"; };
		33DB3BC3E02A0AB386DA9BF3 = {isa = PBXFileReference; lastKnownFileType = sourcecode.c.h; name = StepComponent.h; path = ../../Source/StepComponent.h; sourceTree = "SOURCE_ROOT"; };
		3917245C27C842CE44F735F8 = {isa = PBXFileReference; lastKnownFileType = sourcecode.cpp.objcpp; name = "include_juce_cryptography.mm"; path = "../../JuceLibraryCode/include_juce_cryptography.mm"; sourceTree = "SOURCE_ROOT"; };
		3CCD91E32BEE6708E397E274 = {isa = PBXFileReference; lastKnownFileType = wrapper.framework; name = Carbon.framework; path = System/Library/Frameworks/Carbon.framework; sourceTree = SDKROOT; };
		40084886C9F44B629F8871CB = {isa = PBXFileReference; lastKnownFileType = sourcecode.c.h; name = Pattern.h; path = ../../Source/Pattern.h; sourceTree = "SOURCE_ROOT"; };
		40547EDD2EC85F92C59D73F1 = {isa = PBXFileReference; lastKnownFileType = wrapper.framework; name = AVKit.framework; path = System/Library/Frameworks/AVKit.framework; sourceTree = SDKROOT; };
		40992F2EAB96A1BE94D89F8F = {isa = PBXFileReference; lastKnownFileType = sourcecode.c.h; name = JuceHeader.h; path = ../../JuceLibraryCode/JuceHeader.h; sourceTree = "SOURCE_ROOT"; };
		43FD8CD6C934862D3544D952 = {isa = PBXFileReference; lastKnownFileType = sourcecode.cpp.objcpp; name = "include_juce_events.mm"; path = "../../JuceLibraryCode/include_juce_events.mm"; sourceTree = "SOURCE_ROOT"; };
		47F1C66405C510B7731CA8AD = {isa = PBXFileReference; lastKnownFileType = wrapper.framework; name = OpenGL.framework; path = System/Library/Frameworks/OpenGL.framework; sourceTree = SDKROOT; };
		48641103EA858B041FCC6E26 = {isa = PBXFileReference; lastKnownFileType = file.nib; name = RecentFilesMenuTemplate.nib; path = RecentFilesMenuTemplate.nib; sourceTree = "SOURCE_ROOT"; };
		51F83E6866B8383EF1C08935 = {isa = PBXFileReference; lastKnownFileType = sourcecode.cpp.cpp; name = ChannelComponent.cpp; path = ../../Source/ChannelComponent.cpp; sourceTree = "SOURCE_ROOT"; };
		52176DC82FDBBA04E6ED0BD7 = {isa = PBXFileReference; lastKnownFileType = sourcecode.cpp.objcpp; name = "include_juce_gui_basics.mm"; path = "../../JuceLibraryCode/include_juce_gui_basics.mm"; sourceTree = "SOURCE_ROOT"; };
		52B1144F2A448EE19853AA13 = {isa = PBXFileReference; lastKnownFileType = file; name = "juce_audio_utils"; path = "../../../JUCE/modules/juce_audio_utils"; sourceTree = "SOURCE_ROOT"; };
		566A892D353156D0C49303E5 = {isa = PBXFileReference; lastKnownFileType = sourcecode.cpp.cpp; name = Pattern.cpp; path = ../../Source/Pattern.cpp; sourceTree = "SOURCE_ROOT"; };
		57F8C34272DE8A5A4D84674C = {isa = PBXFileReference; lastKnownFileType = sourcecode.c.h; name = MainComponent.h; path = ../../Source/MainComponent.h; sourceTree = "SOURCE_ROOT"; };
		585F852FFD89AC1A7A7335BD = {isa = PBXFileReference; lastKnownFileType = wrapper.framework; name = CoreAudio.framework; path = System/Library/Frameworks/CoreAudio.framework; sourceTree = SDKROOT; };
		5CA8FB6947AEEC1BD60E1BD7 = {isa = PBXFileReference; lastKnownFileType = file; name = "juce_data_structures"; path = "../../../JUCE/modules/juce_data_structures"; sourceTree = "SOURCE_ROOT"; };
		5FF9734E8CD265C4A5C678C7 = {isa = PBXFileReference; lastKnownFileType = sourcecode.cpp.cpp; name = BeatTimer.cpp; path = ../../Source/BeatTimer.cpp; sourceTree = "SOURCE_ROOT"; };
		71055E28B022AC3222CC15C5 = {isa = PBXFileReference; lastKnownFileType = sourcecode.cpp.cpp; name = Main.cpp; path = ../../Source/Main.cpp; sourceTree = "SOURCE_ROOT"; };
		779A085752C7FC0BA53E46C6 = {isa = PBXFileReference; lastKnownFileType = wrapper.framework; name = CoreMIDI.framework; path = System/Library/Frameworks/CoreMIDI.framework; sourceTree = SDKROOT; };
		8BABEA95D318C054082F5DB4 = {isa = PBXFileReference; lastKnownFileType = sourcecode.cpp.objcpp; name = "include_juce_gui_extra.mm"; path = "../../JuceLibraryCode/include_juce_gui_extra.mm"; sourceTree = "SOURCE_ROOT"; };
		8CC623796BFAB1941E0C8941 = {isa = PBXFileReference; lastKnownFileType = wrapper.framework; name = Cocoa.framework; path = System/Library/Frameworks/Cocoa.framework; sourceTree = SDKROOT; };
		90DBBD860B9513ADF1DF375E = {isa = PBXFileReference; lastKnownFileType = text.plist.xml; name = "Info-App.plist"; path = "Info-App.plist"; sourceTree = "SOURCE_ROOT"; };
		955762C03CCA031915BCEDBC = {isa = PBXFileReference; lastKnownFileType = file; name = "juce_opengl"; path = "../../../JUCE/modules/juce_opengl"; sourceTree = "SOURCE_ROOT"; };
		960D35636714A05C7094FA48 = {isa = PBXFileReference; lastKnownFileType = file; name = "juce_gui_extra"; path = "../../../JUCE/modules/juce_gui_extra"; sourceTree = "SOURCE_ROOT"; };
		96F79943CF5F11F64C2116D7 = {isa = PBXFileReference; lastKnownFileType = sourcecode.cpp.objcpp; name = "include_juce_audio_formats.mm"; path = "../../JuceLibraryCode/include_juce_audio_formats.mm"; sourceTree = "SOURCE_ROOT"; };
		9ED9C9C66F02499C46467CC9 = {isa = PBXFileReference; lastKnownFileType = sourcecode.c.h; name = SamplerComponent.h; path = ../../Source/SamplerComponent.h; sourceTree = "SOURCE_ROOT"; };
		A1398CD9B02D4ED1A4AC566E = {isa = PBXFileReference; lastKnownFileType = sourcecode.cpp.objcpp; name = "include_juce_core.mm"; path = "../../JuceLibraryCode/include_juce_core.mm"; sourceTree = "SOURCE_ROOT"; };
		A9C4667095496A9E8BC90A7D = {isa = PBXFileReference; lastKnownFileType = file; name = "juce_events"; path = "../../../JUCE/modules/juce_events"; sourceTree = "SOURCE_ROOT"; };
		B06835D8656BD987E9F1059D = {isa = PBXFileReference; lastKnownFileType = sourcecode.cpp.objcpp; name = "include_juce_graphics.mm"; path = "../../JuceLibraryCode/include_juce_graphics.mm"; sourceTree = "SOURCE_ROOT"; };
		B4B5DB7B88CB7DED3FE9FDA0 = {isa = PBXFileReference; lastKnownFileType = sourcecode.c.h; name = Step.h; path = ../../Source/Step.h; sourceTree = "SOURCE_ROOT"; };
		B66A219DFB6C808F85834A5E = {isa = PBXFileReference; lastKnownFileType = file; name = "juce_video"; path = "../../../JUCE/modules/juce_video"; sourceTree = "SOURCE_ROOT"; };
		BB00BE619F197452C47DBF6A = {isa = PBXFileReference; lastKnownFileType = sourcecode.cpp.cpp; name = Step.cpp; path = ../../Source/Step.cpp; sourceTree = "SOURCE_ROOT"; };
		BFDE9DB899467648AF8D1B47 = {isa = PBXFileReference; lastKnownFileType = sourcecode.cpp.objcpp; name = "include_juce_opengl.mm"; path = "../../JuceLibraryCode/include_juce_opengl.mm"; sourceTree = "SOURCE_ROOT"; };
		C370A0D91D6704A09C7A48C0 = {isa = PBXFileReference; lastKnownFileType = sourcecode.cpp.objcpp; name = "include_juce_data_structures.mm"; path = "../../JuceLibraryCode/include_juce_data_structures.mm"; sourceTree = "SOURCE_ROOT"; };
		C3C52E5E7306958ED72627C6 = {isa = PBXFileReference; lastKnownFileType = sourcecode.c.h; name = BeatTimer.h; path = ../../Source/BeatTimer.h; sourceTree = "SOURCE_ROOT"; };
		C6597AC93E707A5291CE998B = {isa = PBXFileReference; lastKnownFileType = sourcecode.c.h; name = Util.h; path = ../../Source/Util.h; sourceTree = "SOURCE_ROOT"; };
		CB7CDBBD9F8D05F87F358040 = {isa = PBXFileReference; lastKnownFileType = sourcecode.cpp.objcpp; name = "include_juce_audio_devices.mm"; path = "../../JuceLibraryCode/include_juce_audio_devices.mm"; sourceTree = "SOURCE_ROOT"; };
		D084524435E0FFB443298DC4 = {isa = PBXFileReference; lastKnownFileType = wrapper.framework; name = DiscRecording.framework; path = System/Library/Frameworks/DiscRecording.framework; sourceTree = SDKROOT; };
		D3C4F6D76AB0183B76BF00EF = {isa = PBXFileReference; lastKnownFileType = sourcecode.cpp.cpp; name = StepComponent.cpp; path = ../../Source/StepComponent.cpp; sourceTree = "SOURCE_ROOT"; };
		D4486ACAD41B92AB7FFD19F4 = {isa = PBXFileReference; lastKnownFileType = file; name = "juce_audio_processors"; path = "../../../JUCE/modules/juce_audio_processors"; sourceTree = "SOURCE_ROOT"; };
		D4D2301EF1279638F80258F1 = {isa = PBXFileReference; lastKnownFileType = wrapper.framework; name = WebKit.framework; path = System/Library/Frameworks/WebKit.framework; sourceTree = SDKROOT; };
		E035BCA2AE161F9A47E6F7BB = {isa = PBXFileReference; lastKnownFileType = sourcecode.cpp.cpp; name = SamplerComponent.cpp; path = ../../Source/SamplerComponent.cpp; sourceTree = "SOURCE_ROOT"; };
		E388623B453AEF3EA7E32523 = {isa = PBXFileReference; lastKnownFileType = file; name = "juce_audio_devices"; path = "../../../JUCE/modules/juce_audio_devices"; sourceTree = "SOURCE_ROOT"; };
		E56496A3E6EE407A4214008F = {isa = PBXFileReference; lastKnownFileType = sourcecode.cpp.objcpp; name = "include_juce_audio_utils.mm"; path = "../../JuceLibraryCode/include_juce_audio_utils.mm"; sourceTree = "SOURCE_ROOT"; };
		E5D82DE9C950459DF751CA7B = {isa = PBXFileReference; lastKnownFileType = sourcecode.c.h; name = LoopableSamplerVoice.h; path = ../../Source/LoopableSamplerVoice.h; sourceTree = "SOURCE_ROOT"; };
		E5E3746AB1C4E174DDF85DCC = {isa = PBXFileReference; lastKnownFileType = file; name = "juce_cryptography"; path = "../../../JUCE/modules/juce_cryptography"; sourceTree = "SOURCE_ROOT"; };
		E791A31DE3D7A585276B146A = {isa = PBXFileReference; lastKnownFileType = file; name = "juce_audio_formats"; path = "../../../JUCE/modules/juce_audio_formats"; sourceTree = "SOURCE_ROOT"; };
		EC23C4A3F181EC8952BDF7EF = {isa = PBXFileReference; lastKnownFileType = sourcecode.c.h; name = ChannelComponent.h; path = ../../Source/ChannelComponent.h; sourceTree = "SOURCE_ROOT"; };
		F16E10A6794CB6EA30E74CD7 = {isa = PBXFileReference; lastKnownFileType = wrapper.framework; name = AudioToolbox.framework; path = System/Library/Frameworks/AudioToolbox.framework; sourceTree = SDKROOT; };
		F2FF02BC032015DE82B3C106 = {isa = PBXFileReference; lastKnownFileType = wrapper.framework; name = QuartzCore.framework; path = System/Library/Frameworks/QuartzCore.framework; sourceTree = SDKROOT; };
		F693CA9564113BDCEA1D3EEE = {isa = PBXFileReference; lastKnownFileType = sourcecode.cpp.cpp; name = SequencerComponent.cpp; path = ../../Source/SequencerComponent.cpp; sourceTree = "SOURCE_ROOT"; };
		FA2881392DA92EC6F7354947 = {isa = PBXFileReference; lastKnownFileType = wrapper.framework; name = Accelerate.framework; path = System/Library/Frameworks/Accelerate.framework; sourceTree = SDKROOT; };
		FD0AB51119932052091D32EA = {isa = PBXFileReference; lastKnownFileType = sourcecode.c.h; name = AppConfig.h; path = ../../JuceLibraryCode/AppConfig.h; sourceTree = "SOURCE_ROOT"; };
		3E4C0ED4CFC09FBC5AAE7F10 = {isa = PBXGroup; children = (
					E035BCA2AE161F9A47E6F7BB,
					9ED9C9C66F02499C46467CC9,
					E5D82DE9C950459DF751CA7B,
					566A892D353156D0C49303E5,
					40084886C9F44B629F8871CB,
					C6597AC93E707A5291CE998B,
					10BFEB87A32823C2E1BBA43C,
					BB00BE619F197452C47DBF6A,
					B4B5DB7B88CB7DED3FE9FDA0,
					D3C4F6D76AB0183B76BF00EF,
					33DB3BC3E02A0AB386DA9BF3,
					51F83E6866B8383EF1C08935,
					EC23C4A3F181EC8952BDF7EF,
					5FF9734E8CD265C4A5C678C7,
					C3C52E5E7306958ED72627C6,
					F693CA9564113BDCEA1D3EEE,
					18B167D7F3394B9CEB52DC56,
					57F8C34272DE8A5A4D84674C,
					2AE601F524CE6A9863FE2516,
					71055E28B022AC3222CC15C5, ); name = Source; sourceTree = "<group>"; };
		372807AD76D9590BB3A98C9F = {isa = PBXGroup; children = (
					3E4C0ED4CFC09FBC5AAE7F10, ); name = PokeSampler; sourceTree = "<group>"; };
		992E093D1C892948D04EEB6C = {isa = PBXGroup; children = (
					1035667D7BCDFBFEE34E6032,
					E388623B453AEF3EA7E32523,
					E791A31DE3D7A585276B146A,
					D4486ACAD41B92AB7FFD19F4,
					52B1144F2A448EE19853AA13,
					0A66400E6A5BA3F15F9CEBA4,
					E5E3746AB1C4E174DDF85DCC,
					5CA8FB6947AEEC1BD60E1BD7,
					A9C4667095496A9E8BC90A7D,
					0780446C140EFA8C34C92F2C,
					227AB38670BD8F4C1DEF8C57,
					960D35636714A05C7094FA48,
					955762C03CCA031915BCEDBC,
					B66A219DFB6C808F85834A5E, ); name = "JUCE Modules"; sourceTree = "<group>"; };
		81CB1F043E0009BBF33DFDA5 = {isa = PBXGroup; children = (
					FD0AB51119932052091D32EA,
					042D90B5D942D98B0DD9432F,
					CB7CDBBD9F8D05F87F358040,
					96F79943CF5F11F64C2116D7,
					1F3D325334D44F658C443CE4,
					E56496A3E6EE407A4214008F,
					A1398CD9B02D4ED1A4AC566E,
					3917245C27C842CE44F735F8,
					C370A0D91D6704A09C7A48C0,
					43FD8CD6C934862D3544D952,
					B06835D8656BD987E9F1059D,
					52176DC82FDBBA04E6ED0BD7,
					8BABEA95D318C054082F5DB4,
					BFDE9DB899467648AF8D1B47,
					31DC6DE721F9B99239D08D2E,
					40992F2EAB96A1BE94D89F8F, ); name = "JUCE Library Code"; sourceTree = "<group>"; };
		5D2EFDC14F593769D867BA52 = {isa = PBXGroup; children = (
					90DBBD860B9513ADF1DF375E,
					48641103EA858B041FCC6E26, ); name = Resources; sourceTree = "<group>"; };
		A268B30D5BB4143CF4B60DAD = {isa = PBXGroup; children = (
					FA2881392DA92EC6F7354947,
					F16E10A6794CB6EA30E74CD7,
					079E5306CF4BD3441589EECC,
					40547EDD2EC85F92C59D73F1,
					3CCD91E32BEE6708E397E274,
					8CC623796BFAB1941E0C8941,
					585F852FFD89AC1A7A7335BD,
					30D918161F485D738822776D,
					779A085752C7FC0BA53E46C6,
					D084524435E0FFB443298DC4,
					2F6AFD28269E92A948FE25D9,
					47F1C66405C510B7731CA8AD,
					F2FF02BC032015DE82B3C106,
					D4D2301EF1279638F80258F1, ); name = Frameworks; sourceTree = "<group>"; };
		7941EBEF5092D3E0FBB596B9 = {isa = PBXGroup; children = (
					055CD5A13DB026F9ACB83CD0, ); name = Products; sourceTree = "<group>"; };
		173890F62C86DDEB3D958F27 = {isa = PBXGroup; children = (
					372807AD76D9590BB3A98C9F,
					992E093D1C892948D04EEB6C,
					81CB1F043E0009BBF33DFDA5,
					5D2EFDC14F593769D867BA52,
					A268B30D5BB4143CF4B60DAD,
					7941EBEF5092D3E0FBB596B9, ); name = Source; sourceTree = "<group>"; };
		01015D70FF1AD711AEFA25E0 = {isa = XCBuildConfiguration; buildSettings = {
				CLANG_CXX_LANGUAGE_STANDARD = "c++14";
				CLANG_LINK_OBJC_RUNTIME = NO;
				COMBINE_HIDPI_IMAGES = YES;
				CONFIGURATION_BUILD_DIR = "$(PROJECT_DIR)/build/$(CONFIGURATION)";
				COPY_PHASE_STRIP = NO;
				GCC_DYNAMIC_NO_PIC = NO;
				GCC_OPTIMIZATION_LEVEL = 0;
				GCC_PREPROCESSOR_DEFINITIONS = (
					"_DEBUG=1",
					"DEBUG=1",
					"JUCER_XCODE_MAC_F6D2F4CF=1",
					"JUCE_APP_VERSION=1.0.0",
					"JUCE_APP_VERSION_HEX=0x10000",
					"JucePlugin_Build_VST=0",
					"JucePlugin_Build_VST3=0",
					"JucePlugin_Build_AU=0",
					"JucePlugin_Build_AUv3=0",
					"JucePlugin_Build_RTAS=0",
					"JucePlugin_Build_AAX=0",
					"JucePlugin_Build_Standalone=0", );
				GCC_VERSION = com.apple.compilers.llvm.clang.1_0;
				HEADER_SEARCH_PATHS = ("../../JuceLibraryCode", "../../../JUCE/modules", "$(inherited)");
				INFOPLIST_FILE = Info-App.plist;
				INFOPLIST_PREPROCESS = NO;
				INSTALL_PATH = "$(HOME)/Applications";
				MACOSX_DEPLOYMENT_TARGET = 10.11;
				MACOSX_DEPLOYMENT_TARGET_ppc = 10.4;
				PRODUCT_BUNDLE_IDENTIFIER = com.yourcompany.PokeSampler;
				SDKROOT_ppc = macosx10.5;
				USE_HEADERMAP = NO; }; name = Debug; };
		AED98177AB090DBA77F303B1 = {isa = XCBuildConfiguration; buildSettings = {
				CLANG_CXX_LANGUAGE_STANDARD = "c++14";
				CLANG_LINK_OBJC_RUNTIME = NO;
				COMBINE_HIDPI_IMAGES = YES;
				CONFIGURATION_BUILD_DIR = "$(PROJECT_DIR)/build/$(CONFIGURATION)";
				DEAD_CODE_STRIPPING = YES;
				GCC_GENERATE_DEBUGGING_SYMBOLS = NO;
				GCC_OPTIMIZATION_LEVEL = 3;
				GCC_PREPROCESSOR_DEFINITIONS = (
					"_NDEBUG=1",
					"NDEBUG=1",
					"JUCER_XCODE_MAC_F6D2F4CF=1",
					"JUCE_APP_VERSION=1.0.0",
					"JUCE_APP_VERSION_HEX=0x10000",
					"JucePlugin_Build_VST=0",
					"JucePlugin_Build_VST3=0",
					"JucePlugin_Build_AU=0",
					"JucePlugin_Build_AUv3=0",
					"JucePlugin_Build_RTAS=0",
					"JucePlugin_Build_AAX=0",
					"JucePlugin_Build_Standalone=0", );
				GCC_SYMBOLS_PRIVATE_EXTERN = YES;
				GCC_VERSION = com.apple.compilers.llvm.clang.1_0;
				HEADER_SEARCH_PATHS = ("../../JuceLibraryCode", "../../../JUCE/modules", "$(inherited)");
				INFOPLIST_FILE = Info-App.plist;
				INFOPLIST_PREPROCESS = NO;
				INSTALL_PATH = "$(HOME)/Applications";
				LLVM_LTO = YES;
				MACOSX_DEPLOYMENT_TARGET = 10.11;
				MACOSX_DEPLOYMENT_TARGET_ppc = 10.4;
				PRODUCT_BUNDLE_IDENTIFIER = com.yourcompany.PokeSampler;
				SDKROOT_ppc = macosx10.5;
				USE_HEADERMAP = NO; }; name = Release; };
		90FD80779F42EB1C7CD6B1CB = {isa = XCBuildConfiguration; buildSettings = {
				ALWAYS_SEARCH_USER_PATHS = NO;
				CLANG_WARN_BLOCK_CAPTURE_AUTORELEASING = YES;
				CLANG_WARN_BOOL_CONVERSION = YES;
				CLANG_WARN_COMMA = YES;
				CLANG_WARN_CONSTANT_CONVERSION = YES;
				CLANG_WARN_EMPTY_BODY = YES;
				CLANG_WARN_ENUM_CONVERSION = YES;
				CLANG_WARN_INFINITE_RECURSION = YES;
				CLANG_WARN_INT_CONVERSION = YES;
				CLANG_WARN_NON_LITERAL_NULL_CONVERSION = YES;
				CLANG_WARN_OBJC_LITERAL_CONVERSION = YES;
				CLANG_WARN_RANGE_LOOP_ANALYSIS = YES;
				CLANG_WARN_STRICT_PROTOTYPES = YES;
				CLANG_WARN_SUSPICIOUS_MOVE = YES;
				CLANG_WARN_UNREACHABLE_CODE = YES;
				CLANG_WARN__DUPLICATE_METHOD_MATCH = YES;
				DEBUG_INFORMATION_FORMAT = "dwarf";
				ENABLE_STRICT_OBJC_MSGSEND = YES;
				ENABLE_TESTABILITY = YES;
				GCC_C_LANGUAGE_STANDARD = c11;
				GCC_INLINES_ARE_PRIVATE_EXTERN = YES;
				GCC_MODEL_TUNING = G5;
				GCC_NO_COMMON_BLOCKS = YES;
				GCC_WARN_64_TO_32_BIT_CONVERSION = YES;
				GCC_WARN_ABOUT_RETURN_TYPE = YES;
				GCC_WARN_CHECK_SWITCH_STATEMENTS = YES;
				GCC_WARN_MISSING_PARENTHESES = YES;
				GCC_WARN_NON_VIRTUAL_DESTRUCTOR = YES;
				GCC_WARN_TYPECHECK_CALLS_TO_PRINTF = YES;
				GCC_WARN_UNDECLARED_SELECTOR = YES;
				GCC_WARN_UNINITIALIZED_AUTOS = YES;
				GCC_WARN_UNUSED_FUNCTION = YES;
				GCC_WARN_UNUSED_VARIABLE = YES;
				ONLY_ACTIVE_ARCH = YES;
				PRODUCT_NAME = "PokeSampler";
				WARNING_CFLAGS = -Wreorder;
				ZERO_LINK = NO; }; name = Debug; };
		DD8EADC0A8C186CB3D1DB43C = {isa = XCBuildConfiguration; buildSettings = {
				ALWAYS_SEARCH_USER_PATHS = NO;
				CLANG_WARN_BLOCK_CAPTURE_AUTORELEASING = YES;
				CLANG_WARN_BOOL_CONVERSION = YES;
				CLANG_WARN_COMMA = YES;
				CLANG_WARN_CONSTANT_CONVERSION = YES;
				CLANG_WARN_EMPTY_BODY = YES;
				CLANG_WARN_ENUM_CONVERSION = YES;
				CLANG_WARN_INFINITE_RECURSION = YES;
				CLANG_WARN_INT_CONVERSION = YES;
				CLANG_WARN_NON_LITERAL_NULL_CONVERSION = YES;
				CLANG_WARN_OBJC_LITERAL_CONVERSION = YES;
				CLANG_WARN_RANGE_LOOP_ANALYSIS = YES;
				CLANG_WARN_STRICT_PROTOTYPES = YES;
				CLANG_WARN_SUSPICIOUS_MOVE = YES;
				CLANG_WARN_UNREACHABLE_CODE = YES;
				CLANG_WARN__DUPLICATE_METHOD_MATCH = YES;
				DEBUG_INFORMATION_FORMAT = "dwarf";
				ENABLE_STRICT_OBJC_MSGSEND = YES;
				GCC_C_LANGUAGE_STANDARD = c11;
				GCC_INLINES_ARE_PRIVATE_EXTERN = YES;
				GCC_MODEL_TUNING = G5;
				GCC_NO_COMMON_BLOCKS = YES;
				GCC_WARN_64_TO_32_BIT_CONVERSION = YES;
				GCC_WARN_ABOUT_RETURN_TYPE = YES;
				GCC_WARN_CHECK_SWITCH_STATEMENTS = YES;
				GCC_WARN_MISSING_PARENTHESES = YES;
				GCC_WARN_NON_VIRTUAL_DESTRUCTOR = YES;
				GCC_WARN_TYPECHECK_CALLS_TO_PRINTF = YES;
				GCC_WARN_UNDECLARED_SELECTOR = YES;
				GCC_WARN_UNINITIALIZED_AUTOS = YES;
				GCC_WARN_UNUSED_FUNCTION = YES;
				GCC_WARN_UNUSED_VARIABLE = YES;
				PRODUCT_NAME = "PokeSampler";
				WARNING_CFLAGS = -Wreorder;
				ZERO_LINK = NO; }; name = Release; };
		42BEDEFB2243C95FC004D556 = {isa = PBXTargetDependency; target = A688532ABDAAF72F13888B69; };
		3B487FEDAE019881FD319D80 = {isa = XCConfigurationList; buildConfigurations = (
					90FD80779F42EB1C7CD6B1CB,
					DD8EADC0A8C186CB3D1DB43C, ); defaultConfigurationIsVisible = 0; defaultConfigurationName = Debug; };
		D8B40BC6BD9B51AAFF153199 = {isa = XCConfigurationList; buildConfigurations = (
					01015D70FF1AD711AEFA25E0,
					AED98177AB090DBA77F303B1, ); defaultConfigurationIsVisible = 0; defaultConfigurationName = Debug; };
		0E2B4E0B33E99FE8351BB2A3 = {isa = PBXResourcesBuildPhase; buildActionMask = 2147483647; files = (
					1BBBE189CA8D446F56431769, ); runOnlyForDeploymentPostprocessing = 0; };
		CAFA09F20C0B65E7E8B094A7 = {isa = PBXSourcesBuildPhase; buildActionMask = 2147483647; files = (
					F1BCFD5B34E1BCED9D8DB768,
					3F432ECD567E3C14E2F5D487,
					766D495D41C3191269916FD5,
					3590D4DE6F325565F5872461,
					7A9766FED50688C95589DAA1,
					CA835A640979D91757C341C7,
					6A171FE37EC53E5190AEFEB7,
					3666F396771264B0B438D010,
					89D348EDB07EA712AD3073F8,
					604C9B7571D08A3606821332,
					CC92F50D441EC2B11A01EFE8,
					A6119D2B80338E4702547F3A,
					E1281D99F48BFEEA7ADACB8E,
					2999B5CD88C584EF886A27EC,
					356F3852B69C4E49FA93ADB9,
					CF97E7260A60295A5676950F,
					5D64DA9B71FEBB3F33F82438,
					133FAC72A00DCD2DC2CC6215,
					1B4A33DE160C71D295460F65,
					D2DC4DAF2D174D3A4751E106,
					D5977F7A6B79E69689018423,
					0FE7129CA479BBE67405551F,
					4D914E4979E17F9DDFD1035A, ); runOnlyForDeploymentPostprocessing = 0; };
		315EE0673D2E4B68D3A70F86 = {isa = PBXFrameworksBuildPhase; buildActionMask = 2147483647; files = (
					CDCC497D534A42E0006DAA81,
					76465851E834688109110527,
					000E2CBFC707D6F379EA6D99,
					6217B75D523BA10873E6BD96,
					2DA9875331EC9E27C618E569,
					1452F54BDC12D946C5C462AD,
					DF4BD29FD252B480E4692C93,
					5FC9A6DB04E5D43CB08EBEB4,
					5FD7731EEB093E92437DDE32,
					9A277A2AC85F9C9582E679AD,
					E3D83C9B078F56FAFFB1BD34,
					70A0ED209AAAA1D084DC88DD,
					4358C8E5452FBBA5CE050221,
					41A7CE98EBDFFC1CA621ACF0, ); runOnlyForDeploymentPostprocessing = 0; };
		A688532ABDAAF72F13888B69 = {isa = PBXNativeTarget; buildConfigurationList = D8B40BC6BD9B51AAFF153199; buildPhases = (
					0E2B4E0B33E99FE8351BB2A3,
					CAFA09F20C0B65E7E8B094A7,
					315EE0673D2E4B68D3A70F86, ); buildRules = ( ); dependencies = (  ); name = "PokeSampler - App"; productName = PokeSampler; productReference = 055CD5A13DB026F9ACB83CD0; productType = "com.apple.product-type.application"; };
		806CF6EE69EDAA1664A2186D = {isa = PBXProject; buildConfigurationList = 3B487FEDAE019881FD319D80; attributes = { LastUpgradeCheck = 0830; ORGANIZATIONNAME = ""; TargetAttributes = { A688532ABDAAF72F13888B69 = { SystemCapabilities = {com.apple.ApplicationGroups.iOS = { enabled = 0; }; com.apple.InAppPurchase = { enabled = 0; }; com.apple.InterAppAudio = { enabled = 0; }; com.apple.Push = { enabled = 0; }; com.apple.Sandbox = { enabled = 0; }; }; }; }; }; compatibilityVersion = "Xcode 3.2"; hasScannedForEncodings = 0; mainGroup = 173890F62C86DDEB3D958F27; projectDirPath = ""; projectRoot = ""; targets = (A688532ABDAAF72F13888B69); };
	};
	rootObject = 806CF6EE69EDAA1664A2186D;
}
